
Microsoft Visual Studio Solution File, Format Version 12.00
# Visual Studio Version 16
VisualStudioVersion = 16.0.31129.286
MinimumVisualStudioVersion = 10.0.40219.1
Project("{FAE04EC0-301F-11D3-BF4B-00C04F79EFBC}") = "StaffManagement", "StaffManagement.csproj", "{34EBB1B7-048E-4C42-B59F-027E4F0589B0}"
EndProject
Global
	GlobalSection(SolutionConfigurationPlatforms) = preSolution
		Debug|Any CPU = Debug|Any CPU
		Release|Any CPU = Release|Any CPU
	EndGlobalSection
	GlobalSection(ProjectConfigurationPlatforms) = postSolution
		{34EBB1B7-048E-4C42-B59F-027E4F0589B0}.Debug|Any CPU.ActiveCfg = Debug|Any CPU
		{34EBB1B7-048E-4C42-B59F-027E4F0589B0}.Debug|Any CPU.Build.0 = Debug|Any CPU
		{34EBB1B7-048E-4C42-B59F-027E4F0589B0}.Release|Any CPU.ActiveCfg = Release|Any CPU
		{34EBB1B7-048E-4C42-B59F-027E4F0589B0}.Release|Any CPU.Build.0 = Release|Any CPU
	EndGlobalSection
	GlobalSection(SolutionProperties) = preSolution
		HideSolutionNode = FALSE
	EndGlobalSection
	GlobalSection(ExtensibilityGlobals) = postSolution
		SolutionGuid = {67492CD3-7EC7-4A60-8D47-2190524003CF}
	EndGlobalSection
EndGlobal
